{
  "nodes": {
    "fenix": {
      "inputs": {
        "nixpkgs": [
          "nixpkgs"
        ],
        "rust-analyzer-src": "rust-analyzer-src"
      },
      "locked": {
        "lastModified": 1638080655,
        "narHash": "sha256-ZPx8e8CukEBx31IcgivAWnN9Jg0r+LTBPHV7fREf+QI=",
        "owner": "nix-community",
        "repo": "fenix",
        "rev": "78a0c55b6f9d8bb6f3b89eb995fa5bbdd73e9475",
        "type": "github"
      },
      "original": {
        "owner": "nix-community",
        "repo": "fenix",
        "type": "github"
      }
    },
    "gitignore": {
      "inputs": {
        "nixpkgs": [
          "nixpkgs"
        ]
      },
      "locked": {
        "lastModified": 1635165013,
        "narHash": "sha256-o/BdVjNwcB6jOmzZjOH703BesSkkS5O7ej3xhyO8hAY=",
        "owner": "hercules-ci",
        "repo": "gitignore.nix",
        "rev": "5b9e0ff9d3b551234b4f3eb3983744fa354b17f1",
        "type": "github"
      },
      "original": {
        "owner": "hercules-ci",
        "repo": "gitignore.nix",
        "type": "github"
      }
    },
    "nixpkgs": {
      "locked": {
        "lastModified": 1638036523,
        "narHash": "sha256-ZL6gogsuBmhBvIro+YwRKrypYhwVPCOOO7FmhOV/xyE=",
        "owner": "nixos",
        "repo": "nixpkgs",
        "rev": "9c191ebcdfe917043195c54ab6ae8e934434fe7b",
        "type": "github"
      },
      "original": {
        "owner": "nixos",
        "ref": "nixpkgs-unstable",
        "repo": "nixpkgs",
        "type": "github"
      }
    },
    "root": {
      "inputs": {
        "fenix": "fenix",
        "gitignore": "gitignore",
        "nixpkgs": "nixpkgs"
      }
    },
    "rust-analyzer-src": {
      "flake": false,
      "locked": {
        "lastModified": 1638036899,
        "narHash": "sha256-vh7z8jupVxXPOko3sWUsOB7eji/7lKfwJ/CE3iw97Sw=",
        "owner": "rust-analyzer",
        "repo": "rust-analyzer",
        "rev": "d9b2291f546abc77d24499339a72a89127464b95",
        "type": "github"
      },
      "original": {
        "owner": "rust-analyzer",
        "ref": "nightly",
        "repo": "rust-analyzer",
        "type": "github"
      }
    }
  },
  "root": "root",
  "version": 7
}
